
Microsoft Visual Studio Solution File, Format Version 12.00
# Visual Studio Version 16
VisualStudioVersion = 16.0.31605.320
MinimumVisualStudioVersion = 10.0.40219.1
Project("{FAE04EC0-301F-11D3-BF4B-00C04F79EFBC}") = "APIGatewayLambdaSample", "APIGatewayLambdaSample.csproj", "{621F2656-215C-40FE-8444-73A081AC4E4F}"
EndProject
Global
	GlobalSection(SolutionConfigurationPlatforms) = preSolution
		Debug|Any CPU = Debug|Any CPU
		Release|Any CPU = Release|Any CPU
	EndGlobalSection
	GlobalSection(ProjectConfigurationPlatforms) = postSolution
		{621F2656-215C-40FE-8444-73A081AC4E4F}.Debug|Any CPU.ActiveCfg = Debug|Any CPU
		{621F2656-215C-40FE-8444-73A081AC4E4F}.Debug|Any CPU.Build.0 = Debug|Any CPU
		{621F2656-215C-40FE-8444-73A081AC4E4F}.Release|Any CPU.ActiveCfg = Release|Any CPU
		{621F2656-215C-40FE-8444-73A081AC4E4F}.Release|Any CPU.Build.0 = Release|Any CPU
	EndGlobalSection
	GlobalSection(SolutionProperties) = preSolution
		HideSolutionNode = FALSE
	EndGlobalSection
	GlobalSection(ExtensibilityGlobals) = postSolution
		SolutionGuid = {0214D321-DC7A-4D00-BEC1-1962B59D2EAE}
	EndGlobalSection
EndGlobal
